
Microsoft Visual Studio Solution File, Format Version 12.00
# Visual Studio Version 17
VisualStudioVersion = 17.3.32901.215
MinimumVisualStudioVersion = 10.0.40219.1
Project("{FAE04EC0-301F-11D3-BF4B-00C04F79EFBC}") = "ExceptionsCalculator", "ExeptionsCalculator\ExceptionsCalculator.csproj", "{E056BA5B-3581-4B68-AC14-060CF8CFEF60}"
EndProject
Global
	GlobalSection(SolutionConfigurationPlatforms) = preSolution
		Debug|Any CPU = Debug|Any CPU
		Release|Any CPU = Release|Any CPU
	EndGlobalSection
	GlobalSection(ProjectConfigurationPlatforms) = postSolution
		{E056BA5B-3581-4B68-AC14-060CF8CFEF60}.Debug|Any CPU.ActiveCfg = Debug|Any CPU
		{E056BA5B-3581-4B68-AC14-060CF8CFEF60}.Debug|Any CPU.Build.0 = Debug|Any CPU
		{E056BA5B-3581-4B68-AC14-060CF8CFEF60}.Release|Any CPU.ActiveCfg = Release|Any CPU
		{E056BA5B-3581-4B68-AC14-060CF8CFEF60}.Release|Any CPU.Build.0 = Release|Any CPU
	EndGlobalSection
	GlobalSection(SolutionProperties) = preSolution
		HideSolutionNode = FALSE
	EndGlobalSection
	GlobalSection(ExtensibilityGlobals) = postSolution
		SolutionGuid = {4B228BE0-6675-4A6A-AEE7-C8890288EF18}
	EndGlobalSection
EndGlobal
